
Microsoft Visual Studio Solution File, Format Version 12.00
# Visual Studio Version 17
VisualStudioVersion = 17.5.33530.505
MinimumVisualStudioVersion = 10.0.40219.1
Project("{8BC9CEB8-8B4A-11D0-8D11-00A0C91BC942}") = "proyecto5", "proyecto5\proyecto5.vcxproj", "{7DF08F0E-064B-4EC0-A458-5919320D4265}"
EndProject
Global
	GlobalSection(SolutionConfigurationPlatforms) = preSolution
		Debug|x64 = Debug|x64
		Debug|x86 = Debug|x86
		Release|x64 = Release|x64
		Release|x86 = Release|x86
	EndGlobalSection
	GlobalSection(ProjectConfigurationPlatforms) = postSolution
		{7DF08F0E-064B-4EC0-A458-5919320D4265}.Debug|x64.ActiveCfg = Debug|x64
		{7DF08F0E-064B-4EC0-A458-5919320D4265}.Debug|x64.Build.0 = Debug|x64
		{7DF08F0E-064B-4EC0-A458-5919320D4265}.Debug|x86.ActiveCfg = Debug|Win32
		{7DF08F0E-064B-4EC0-A458-5919320D4265}.Debug|x86.Build.0 = Debug|Win32
		{7DF08F0E-064B-4EC0-A458-5919320D4265}.Release|x64.ActiveCfg = Release|x64
		{7DF08F0E-064B-4EC0-A458-5919320D4265}.Release|x64.Build.0 = Release|x64
		{7DF08F0E-064B-4EC0-A458-5919320D4265}.Release|x86.ActiveCfg = Release|Win32
		{7DF08F0E-064B-4EC0-A458-5919320D4265}.Release|x86.Build.0 = Release|Win32
	EndGlobalSection
	GlobalSection(SolutionProperties) = preSolution
		HideSolutionNode = FALSE
	EndGlobalSection
	GlobalSection(ExtensibilityGlobals) = postSolution
		SolutionGuid = {D2F6F376-6F5E-49D2-957D-802796ACD6EA}
	EndGlobalSection
EndGlobal
